
Microsoft Visual Studio Solution File, Format Version 12.00
# Visual Studio Version 17
VisualStudioVersion = 17.5.33627.172
MinimumVisualStudioVersion = 10.0.40219.1
Project("{9A19103F-16F7-4668-BE54-9A1E7A4F7556}") = "Direct_Publisher", "Publisher\Direct_Publisher.csproj", "{E4D1E4A6-BF75-4D8B-A02A-72EA8AF8166B}"
EndProject
Project("{9A19103F-16F7-4668-BE54-9A1E7A4F7556}") = "Direct_Consumer", "Consumer\Direct_Consumer.csproj", "{EFF8CC94-4625-4FC1-AF5D-DB6EB349DB0C}"
EndProject
Project("{9A19103F-16F7-4668-BE54-9A1E7A4F7556}") = "Fanout_Consumer", "Fanout_Exchange\Fanout_Consumer.csproj", "{9322CB48-8DD7-4880-B167-A56DCF95FE25}"
EndProject
Project("{9A19103F-16F7-4668-BE54-9A1E7A4F7556}") = "Fanout_Publisher", "Fanout_Publisher\Fanout_Publisher.csproj", "{9AAD67B2-13E6-485E-A47B-7760B2B43592}"
EndProject
Project("{9A19103F-16F7-4668-BE54-9A1E7A4F7556}") = "Topic_Consumer", "Topic_Consumer\Topic_Consumer.csproj", "{8DE3CE87-6D64-4DD8-AEDB-68210F7A6A33}"
EndProject
Project("{9A19103F-16F7-4668-BE54-9A1E7A4F7556}") = "Topic_Publisher", "Topic_Publisher\Topic_Publisher.csproj", "{02C0A324-046F-42DE-B1A6-99C18F62314A}"
EndProject
Project("{9A19103F-16F7-4668-BE54-9A1E7A4F7556}") = "Header_Consumer", "Header.Consumer\Header_Consumer.csproj", "{45C351A6-F8D3-402C-9681-9D2597C759A7}"
EndProject
Project("{9A19103F-16F7-4668-BE54-9A1E7A4F7556}") = "Header_Publisher", "Header_Publisher\Header_Publisher.csproj", "{277382A0-1C6F-434A-AAE7-EE51287F833A}"
EndProject
Project("{9A19103F-16F7-4668-BE54-9A1E7A4F7556}") = "Message_Templates_Consumer", "Message_Templates_Consumer\Message_Templates_Consumer.csproj", "{1001CE37-7274-460E-86B7-F19F19A8D061}"
EndProject
Project("{9A19103F-16F7-4668-BE54-9A1E7A4F7556}") = "Message_Templates_Publisher", "Message_Templates_Publisher\Message_Templates_Publisher.csproj", "{AA8D1A25-E766-484E-B5AF-7F0ED88A680B}"
EndProject
Project("{FAE04EC0-301F-11D3-BF4B-00C04F79EFBC}") = "Mass_Transit_Publisher", "Mass_Transit_Publisher\Mass_Transit_Publisher.csproj", "{B7903D22-79D5-49EA-A0A8-2858E12B76AD}"
EndProject
Project("{FAE04EC0-301F-11D3-BF4B-00C04F79EFBC}") = "Mass_Transit_Consumer", "Mass_Transit_Consumer\Mass_Transit_Consumer.csproj", "{A312566D-7F80-4531-86BB-8D4E1AADC652}"
EndProject
Project("{FAE04EC0-301F-11D3-BF4B-00C04F79EFBC}") = "Mass_Transit_Shared", "Mass_Transit_Shared\Mass_Transit_Shared.csproj", "{7089EA2C-5F4E-494C-9281-123E24357D41}"
EndProject
Global
	GlobalSection(SolutionConfigurationPlatforms) = preSolution
		Debug|Any CPU = Debug|Any CPU
		Release|Any CPU = Release|Any CPU
	EndGlobalSection
	GlobalSection(ProjectConfigurationPlatforms) = postSolution
		{E4D1E4A6-BF75-4D8B-A02A-72EA8AF8166B}.Debug|Any CPU.ActiveCfg = Debug|Any CPU
		{E4D1E4A6-BF75-4D8B-A02A-72EA8AF8166B}.Debug|Any CPU.Build.0 = Debug|Any CPU
		{E4D1E4A6-BF75-4D8B-A02A-72EA8AF8166B}.Release|Any CPU.ActiveCfg = Release|Any CPU
		{E4D1E4A6-BF75-4D8B-A02A-72EA8AF8166B}.Release|Any CPU.Build.0 = Release|Any CPU
		{EFF8CC94-4625-4FC1-AF5D-DB6EB349DB0C}.Debug|Any CPU.ActiveCfg = Debug|Any CPU
		{EFF8CC94-4625-4FC1-AF5D-DB6EB349DB0C}.Debug|Any CPU.Build.0 = Debug|Any CPU
		{EFF8CC94-4625-4FC1-AF5D-DB6EB349DB0C}.Release|Any CPU.ActiveCfg = Release|Any CPU
		{EFF8CC94-4625-4FC1-AF5D-DB6EB349DB0C}.Release|Any CPU.Build.0 = Release|Any CPU
		{9322CB48-8DD7-4880-B167-A56DCF95FE25}.Debug|Any CPU.ActiveCfg = Debug|Any CPU
		{9322CB48-8DD7-4880-B167-A56DCF95FE25}.Debug|Any CPU.Build.0 = Debug|Any CPU
		{9322CB48-8DD7-4880-B167-A56DCF95FE25}.Release|Any CPU.ActiveCfg = Release|Any CPU
		{9322CB48-8DD7-4880-B167-A56DCF95FE25}.Release|Any CPU.Build.0 = Release|Any CPU
		{9AAD67B2-13E6-485E-A47B-7760B2B43592}.Debug|Any CPU.ActiveCfg = Debug|Any CPU
		{9AAD67B2-13E6-485E-A47B-7760B2B43592}.Debug|Any CPU.Build.0 = Debug|Any CPU
		{9AAD67B2-13E6-485E-A47B-7760B2B43592}.Release|Any CPU.ActiveCfg = Release|Any CPU
		{9AAD67B2-13E6-485E-A47B-7760B2B43592}.Release|Any CPU.Build.0 = Release|Any CPU
		{8DE3CE87-6D64-4DD8-AEDB-68210F7A6A33}.Debug|Any CPU.ActiveCfg = Debug|Any CPU
		{8DE3CE87-6D64-4DD8-AEDB-68210F7A6A33}.Debug|Any CPU.Build.0 = Debug|Any CPU
		{8DE3CE87-6D64-4DD8-AEDB-68210F7A6A33}.Release|Any CPU.ActiveCfg = Release|Any CPU
		{8DE3CE87-6D64-4DD8-AEDB-68210F7A6A33}.Release|Any CPU.Build.0 = Release|Any CPU
		{02C0A324-046F-42DE-B1A6-99C18F62314A}.Debug|Any CPU.ActiveCfg = Debug|Any CPU
		{02C0A324-046F-42DE-B1A6-99C18F62314A}.Debug|Any CPU.Build.0 = Debug|Any CPU
		{02C0A324-046F-42DE-B1A6-99C18F62314A}.Release|Any CPU.ActiveCfg = Release|Any CPU
		{02C0A324-046F-42DE-B1A6-99C18F62314A}.Release|Any CPU.Build.0 = Release|Any CPU
		{45C351A6-F8D3-402C-9681-9D2597C759A7}.Debug|Any CPU.ActiveCfg = Debug|Any CPU
		{45C351A6-F8D3-402C-9681-9D2597C759A7}.Debug|Any CPU.Build.0 = Debug|Any CPU
		{45C351A6-F8D3-402C-9681-9D2597C759A7}.Release|Any CPU.ActiveCfg = Release|Any CPU
		{45C351A6-F8D3-402C-9681-9D2597C759A7}.Release|Any CPU.Build.0 = Release|Any CPU
		{277382A0-1C6F-434A-AAE7-EE51287F833A}.Debug|Any CPU.ActiveCfg = Debug|Any CPU
		{277382A0-1C6F-434A-AAE7-EE51287F833A}.Debug|Any CPU.Build.0 = Debug|Any CPU
		{277382A0-1C6F-434A-AAE7-EE51287F833A}.Release|Any CPU.ActiveCfg = Release|Any CPU
		{277382A0-1C6F-434A-AAE7-EE51287F833A}.Release|Any CPU.Build.0 = Release|Any CPU
		{1001CE37-7274-460E-86B7-F19F19A8D061}.Debug|Any CPU.ActiveCfg = Debug|Any CPU
		{1001CE37-7274-460E-86B7-F19F19A8D061}.Debug|Any CPU.Build.0 = Debug|Any CPU
		{1001CE37-7274-460E-86B7-F19F19A8D061}.Release|Any CPU.ActiveCfg = Release|Any CPU
		{1001CE37-7274-460E-86B7-F19F19A8D061}.Release|Any CPU.Build.0 = Release|Any CPU
		{AA8D1A25-E766-484E-B5AF-7F0ED88A680B}.Debug|Any CPU.ActiveCfg = Debug|Any CPU
		{AA8D1A25-E766-484E-B5AF-7F0ED88A680B}.Debug|Any CPU.Build.0 = Debug|Any CPU
		{AA8D1A25-E766-484E-B5AF-7F0ED88A680B}.Release|Any CPU.ActiveCfg = Release|Any CPU
		{AA8D1A25-E766-484E-B5AF-7F0ED88A680B}.Release|Any CPU.Build.0 = Release|Any CPU
		{B7903D22-79D5-49EA-A0A8-2858E12B76AD}.Debug|Any CPU.ActiveCfg = Debug|Any CPU
		{B7903D22-79D5-49EA-A0A8-2858E12B76AD}.Debug|Any CPU.Build.0 = Debug|Any CPU
		{B7903D22-79D5-49EA-A0A8-2858E12B76AD}.Release|Any CPU.ActiveCfg = Release|Any CPU
		{B7903D22-79D5-49EA-A0A8-2858E12B76AD}.Release|Any CPU.Build.0 = Release|Any CPU
		{A312566D-7F80-4531-86BB-8D4E1AADC652}.Debug|Any CPU.ActiveCfg = Debug|Any CPU
		{A312566D-7F80-4531-86BB-8D4E1AADC652}.Debug|Any CPU.Build.0 = Debug|Any CPU
		{A312566D-7F80-4531-86BB-8D4E1AADC652}.Release|Any CPU.ActiveCfg = Release|Any CPU
		{A312566D-7F80-4531-86BB-8D4E1AADC652}.Release|Any CPU.Build.0 = Release|Any CPU
		{7089EA2C-5F4E-494C-9281-123E24357D41}.Debug|Any CPU.ActiveCfg = Debug|Any CPU
		{7089EA2C-5F4E-494C-9281-123E24357D41}.Debug|Any CPU.Build.0 = Debug|Any CPU
		{7089EA2C-5F4E-494C-9281-123E24357D41}.Release|Any CPU.ActiveCfg = Release|Any CPU
		{7089EA2C-5F4E-494C-9281-123E24357D41}.Release|Any CPU.Build.0 = Release|Any CPU
	EndGlobalSection
	GlobalSection(SolutionProperties) = preSolution
		HideSolutionNode = FALSE
	EndGlobalSection
	GlobalSection(ExtensibilityGlobals) = postSolution
		SolutionGuid = {83EDC9C9-38BD-4E98-9151-8983DFCEDB6B}
	EndGlobalSection
EndGlobal
